
Microsoft Visual Studio Solution File, Format Version 12.00
# Visual Studio 15
VisualStudioVersion = 15.0.26730.12
MinimumVisualStudioVersion = 10.0.40219.1
Project("{FAE04EC0-301F-11D3-BF4B-00C04F79EFBC}") = "zoo", "zoo\zoo.csproj", "{96CFE230-9E18-4098-86FA-6AA6858BF82E}"
EndProject
Project("{FAE04EC0-301F-11D3-BF4B-00C04F79EFBC}") = "ZooUnitTestProject", "UnitTestProject1\ZooUnitTestProject.csproj", "{DD112B2E-E531-424B-9E90-FE19031BBCC8}"
EndProject
Global
	GlobalSection(SolutionConfigurationPlatforms) = preSolution
		Debug|Any CPU = Debug|Any CPU
		Release|Any CPU = Release|Any CPU
	EndGlobalSection
	GlobalSection(ProjectConfigurationPlatforms) = postSolution
		{96CFE230-9E18-4098-86FA-6AA6858BF82E}.Debug|Any CPU.ActiveCfg = Debug|Any CPU
		{96CFE230-9E18-4098-86FA-6AA6858BF82E}.Debug|Any CPU.Build.0 = Debug|Any CPU
		{96CFE230-9E18-4098-86FA-6AA6858BF82E}.Release|Any CPU.ActiveCfg = Release|Any CPU
		{96CFE230-9E18-4098-86FA-6AA6858BF82E}.Release|Any CPU.Build.0 = Release|Any CPU
		{DD112B2E-E531-424B-9E90-FE19031BBCC8}.Debug|Any CPU.ActiveCfg = Debug|Any CPU
		{DD112B2E-E531-424B-9E90-FE19031BBCC8}.Debug|Any CPU.Build.0 = Debug|Any CPU
		{DD112B2E-E531-424B-9E90-FE19031BBCC8}.Release|Any CPU.ActiveCfg = Release|Any CPU
		{DD112B2E-E531-424B-9E90-FE19031BBCC8}.Release|Any CPU.Build.0 = Release|Any CPU
	EndGlobalSection
	GlobalSection(SolutionProperties) = preSolution
		HideSolutionNode = FALSE
	EndGlobalSection
	GlobalSection(ExtensibilityGlobals) = postSolution
		SolutionGuid = {FB8DEBF1-7631-46F3-8329-E3C2D2908C81}
	EndGlobalSection
EndGlobal
